// !$*UTF8*$!
{
	archiveVersion = 1;
	classes = {
	};
	objectVersion = 56;
	objects = {

/* Begin PBXBuildFile section */
		49DF13D52A67C1AD00DD325C /* AppDelegate.swift in Sources */ = {isa = PBXBuildFile; fileRef = 49DF13D42A67C1AD00DD325C /* AppDelegate.swift */; };
		49DF13D72A67C1AD00DD325C /* ContentView.swift in Sources */ = {isa = PBXBuildFile; fileRef = 49DF13D62A67C1AD00DD325C /* ContentView.swift */; };
		49DF13DB2A67C1AE00DD325C /* Assets.xcassets in Resources */ = {isa = PBXBuildFile; fileRef = 49DF13DA2A67C1AE00DD325C /* Assets.xcassets */; };
		49DF13DE2A67C1AE00DD325C /* Preview Assets.xcassets in Resources */ = {isa = PBXBuildFile; fileRef = 49DF13DD2A67C1AE00DD325C /* Preview Assets.xcassets */; };
		49DF14072A6A6F0100DD325C /* ARViewController.swift in Sources */ = {isa = PBXBuildFile; fileRef = 49DF14062A6A6F0100DD325C /* ARViewController.swift */; };
		49DF14442A6A783200DD325C /* SignageMRTIstora 3.mlmodel in Sources */ = {isa = PBXBuildFile; fileRef = 49DF14432A6A783200DD325C /* SignageMRTIstora 3.mlmodel */; };
		49DF14462A6A815400DD325C /* SceneKitAssetCatalog.scnassets in Resources */ = {isa = PBXBuildFile; fileRef = 49DF14452A6A815400DD325C /* SceneKitAssetCatalog.scnassets */; };
		49DF14502A6B959400DD325C /* Utilities.swift in Sources */ = {isa = PBXBuildFile; fileRef = 49DF144F2A6B959400DD325C /* Utilities.swift */; };
		49DF14542A6BA1F900DD325C /* MapPointer.swift in Sources */ = {isa = PBXBuildFile; fileRef = 49DF14532A6BA1F900DD325C /* MapPointer.swift */; };
		49DF14562A6BEE8500DD325C /* MapToExit.json in Resources */ = {isa = PBXBuildFile; fileRef = 49DF14552A6BEE8500DD325C /* MapToExit.json */; };
		49DF14602A6C1B1B00DD325C /* ARViewControllerNest.swift in Sources */ = {isa = PBXBuildFile; fileRef = 49DF145F2A6C1B1B00DD325C /* ARViewControllerNest.swift */; };
		49DF14622A6C26C800DD325C /* PredictionViewModel.swift in Sources */ = {isa = PBXBuildFile; fileRef = 49DF14612A6C26C800DD325C /* PredictionViewModel.swift */; };
		49DF14642A6C334200DD325C /* NestView.swift in Sources */ = {isa = PBXBuildFile; fileRef = 49DF14632A6C334200DD325C /* NestView.swift */; };
		49DF146E2A6D8C0C00DD325C /* Left.usdz in Resources */ = {isa = PBXBuildFile; fileRef = 49DF146B2A6D8C0C00DD325C /* Left.usdz */; };
		49DF146F2A6D8C0C00DD325C /* Straight.usdz in Resources */ = {isa = PBXBuildFile; fileRef = 49DF146C2A6D8C0C00DD325C /* Straight.usdz */; };
		49DF14702A6D8C0C00DD325C /* Right.usdz in Resources */ = {isa = PBXBuildFile; fileRef = 49DF146D2A6D8C0C00DD325C /* Right.usdz */; };
		49DF14722A6D926B00DD325C /* UpStairs.usdz in Resources */ = {isa = PBXBuildFile; fileRef = 49DF14712A6D926B00DD325C /* UpStairs.usdz */; };
		49DF14822A6E3D6200DD325C /* Cross.usdz in Resources */ = {isa = PBXBuildFile; fileRef = 49DF14812A6E3D6200DD325C /* Cross.usdz */; };
/* End PBXBuildFile section */

/* Begin PBXFileReference section */
		49DF13D12A67C1AD00DD325C /* MRT Augmented Sign.app */ = {isa = PBXFileReference; explicitFileType = wrapper.application; includeInIndex = 0; path = "MRT Augmented Sign.app"; sourceTree = BUILT_PRODUCTS_DIR; };
		49DF13D42A67C1AD00DD325C /* AppDelegate.swift */ = {isa = PBXFileReference; lastKnownFileType = sourcecode.swift; path = AppDelegate.swift; sourceTree = "<group>"; };
		49DF13D62A67C1AD00DD325C /* ContentView.swift */ = {isa = PBXFileReference; lastKnownFileType = sourcecode.swift; path = ContentView.swift; sourceTree = "<group>"; };
		49DF13DA2A67C1AE00DD325C /* Assets.xcassets */ = {isa = PBXFileReference; lastKnownFileType = folder.assetcatalog; path = Assets.xcassets; sourceTree = "<group>"; };
		49DF13DD2A67C1AE00DD325C /* Preview Assets.xcassets */ = {isa = PBXFileReference; lastKnownFileType = folder.assetcatalog; path = "Preview Assets.xcassets"; sourceTree = "<group>"; };
		49DF14062A6A6F0100DD325C /* ARViewController.swift */ = {isa = PBXFileReference; lastKnownFileType = sourcecode.swift; path = ARViewController.swift; sourceTree = "<group>"; };
		49DF14432A6A783200DD325C /* SignageMRTIstora 3.mlmodel */ = {isa = PBXFileReference; lastKnownFileType = file.mlmodel; path = "SignageMRTIstora 3.mlmodel"; sourceTree = "<group>"; };
		49DF14452A6A815400DD325C /* SceneKitAssetCatalog.scnassets */ = {isa = PBXFileReference; lastKnownFileType = wrapper.scnassets; path = SceneKitAssetCatalog.scnassets; sourceTree = "<group>"; };
		49DF144F2A6B959400DD325C /* Utilities.swift */ = {isa = PBXFileReference; fileEncoding = 4; lastKnownFileType = sourcecode.swift; path = Utilities.swift; sourceTree = "<group>"; };
		49DF14532A6BA1F900DD325C /* MapPointer.swift */ = {isa = PBXFileReference; lastKnownFileType = sourcecode.swift; path = MapPointer.swift; sourceTree = "<group>"; };
		49DF14552A6BEE8500DD325C /* MapToExit.json */ = {isa = PBXFileReference; lastKnownFileType = text.json; path = MapToExit.json; sourceTree = "<group>"; xcLanguageSpecificationIdentifier = xcode.lang.json; };
		49DF14572A6BF1EE00DD325C /* Experience.rcproject */ = {isa = PBXFileReference; lastKnownFileType = file.rcproject; path = Experience.rcproject; sourceTree = "<group>"; };
		49DF145F2A6C1B1B00DD325C /* ARViewControllerNest.swift */ = {isa = PBXFileReference; lastKnownFileType = sourcecode.swift; path = ARViewControllerNest.swift; sourceTree = "<group>"; };
		49DF14612A6C26C800DD325C /* PredictionViewModel.swift */ = {isa = PBXFileReference; lastKnownFileType = sourcecode.swift; path = PredictionViewModel.swift; sourceTree = "<group>"; };
		49DF14632A6C334200DD325C /* NestView.swift */ = {isa = PBXFileReference; lastKnownFileType = sourcecode.swift; path = NestView.swift; sourceTree = "<group>"; };
		49DF146B2A6D8C0C00DD325C /* Left.usdz */ = {isa = PBXFileReference; lastKnownFileType = file.usdz; path = Left.usdz; sourceTree = "<group>"; };
		49DF146C2A6D8C0C00DD325C /* Straight.usdz */ = {isa = PBXFileReference; lastKnownFileType = file.usdz; path = Straight.usdz; sourceTree = "<group>"; };
		49DF146D2A6D8C0C00DD325C /* Right.usdz */ = {isa = PBXFileReference; lastKnownFileType = file.usdz; path = Right.usdz; sourceTree = "<group>"; };
		49DF14712A6D926B00DD325C /* UpStairs.usdz */ = {isa = PBXFileReference; lastKnownFileType = file.usdz; path = UpStairs.usdz; sourceTree = "<group>"; };
		49DF14812A6E3D6200DD325C /* Cross.usdz */ = {isa = PBXFileReference; lastKnownFileType = file.usdz; path = Cross.usdz; sourceTree = "<group>"; };
/* End PBXFileReference section */

/* Begin PBXFrameworksBuildPhase section */
		49DF13CE2A67C1AD00DD325C /* Frameworks */ = {
			isa = PBXFrameworksBuildPhase;
			buildActionMask = 2147483647;
			files = (
			);
			runOnlyForDeploymentPostprocessing = 0;
		};
/* End PBXFrameworksBuildPhase section */

/* Begin PBXGroup section */
		49DF13C82A67C1AD00DD325C = {
			isa = PBXGroup;
			children = (
				49DF13D32A67C1AD00DD325C /* MRT Augmented Sign */,
				49DF13D22A67C1AD00DD325C /* Products */,
			);
			sourceTree = "<group>";
		};
		49DF13D22A67C1AD00DD325C /* Products */ = {
			isa = PBXGroup;
			children = (
				49DF13D12A67C1AD00DD325C /* MRT Augmented Sign.app */,
			);
			name = Products;
			sourceTree = "<group>";
		};
		49DF13D32A67C1AD00DD325C /* MRT Augmented Sign */ = {
			isa = PBXGroup;
			children = (
				49DF14552A6BEE8500DD325C /* MapToExit.json */,
				49DF13D42A67C1AD00DD325C /* AppDelegate.swift */,
				49DF13D62A67C1AD00DD325C /* ContentView.swift */,
				49DF14652A6C70D200DD325C /* View */,
				49DF14662A6C70E000DD325C /* ViewModel */,
				49DF14672A6C714A00DD325C /* Model */,
				49DF14682A6C716A00DD325C /* Helper */,
				49DF14452A6A815400DD325C /* SceneKitAssetCatalog.scnassets */,
				49DF14432A6A783200DD325C /* SignageMRTIstora 3.mlmodel */,
				49DF14572A6BF1EE00DD325C /* Experience.rcproject */,
				49DF146B2A6D8C0C00DD325C /* Left.usdz */,
				49DF146D2A6D8C0C00DD325C /* Right.usdz */,
				49DF14812A6E3D6200DD325C /* Cross.usdz */,
				49DF146C2A6D8C0C00DD325C /* Straight.usdz */,
				49DF14712A6D926B00DD325C /* UpStairs.usdz */,
				49DF13DA2A67C1AE00DD325C /* Assets.xcassets */,
				49DF13DC2A67C1AE00DD325C /* Preview Content */,
			);
			path = "MRT Augmented Sign";
			sourceTree = "<group>";
		};
		49DF13DC2A67C1AE00DD325C /* Preview Content */ = {
			isa = PBXGroup;
			children = (
				49DF13DD2A67C1AE00DD325C /* Preview Assets.xcassets */,
			);
			path = "Preview Content";
			sourceTree = "<group>";
		};
		49DF14652A6C70D200DD325C /* View */ = {
			isa = PBXGroup;
			children = (
				49DF14632A6C334200DD325C /* NestView.swift */,
				49DF145F2A6C1B1B00DD325C /* ARViewControllerNest.swift */,
				49DF14062A6A6F0100DD325C /* ARViewController.swift */,
			);
			path = View;
			sourceTree = "<group>";
		};
		49DF14662A6C70E000DD325C /* ViewModel */ = {
			isa = PBXGroup;
			children = (
				49DF14612A6C26C800DD325C /* PredictionViewModel.swift */,
			);
			path = ViewModel;
			sourceTree = "<group>";
		};
		49DF14672A6C714A00DD325C /* Model */ = {
			isa = PBXGroup;
			children = (
				49DF14532A6BA1F900DD325C /* MapPointer.swift */,
			);
			path = Model;
			sourceTree = "<group>";
		};
		49DF14682A6C716A00DD325C /* Helper */ = {
			isa = PBXGroup;
			children = (
				49DF144F2A6B959400DD325C /* Utilities.swift */,
			);
			path = Helper;
			sourceTree = "<group>";
		};
/* End PBXGroup section */

/* Begin PBXNativeTarget section */
		49DF13D02A67C1AD00DD325C /* MRT Augmented Sign */ = {
			isa = PBXNativeTarget;
			buildConfigurationList = 49DF13F72A67C1AE00DD325C /* Build configuration list for PBXNativeTarget "MRT Augmented Sign" */;
			buildPhases = (
				49DF13CD2A67C1AD00DD325C /* Sources */,
				49DF13CE2A67C1AD00DD325C /* Frameworks */,
				49DF13CF2A67C1AD00DD325C /* Resources */,
			);
			buildRules = (
			);
			dependencies = (
			);
			name = "MRT Augmented Sign";
			productName = "MRT Augmented Sign";
			productReference = 49DF13D12A67C1AD00DD325C /* MRT Augmented Sign.app */;
			productType = "com.apple.product-type.application";
		};
/* End PBXNativeTarget section */

/* Begin PBXProject section */
		49DF13C92A67C1AD00DD325C /* Project object */ = {
			isa = PBXProject;
			attributes = {
				BuildIndependentTargetsInParallel = 1;
				LastSwiftUpdateCheck = 1430;
				LastUpgradeCheck = 1430;
				TargetAttributes = {
					49DF13D02A67C1AD00DD325C = {
						CreatedOnToolsVersion = 14.3.1;
					};
				};
			};
			buildConfigurationList = 49DF13CC2A67C1AD00DD325C /* Build configuration list for PBXProject "MRT Augmented Sign" */;
			compatibilityVersion = "Xcode 14.0";
			developmentRegion = en;
			hasScannedForEncodings = 0;
			knownRegions = (
				en,
				Base,
			);
			mainGroup = 49DF13C82A67C1AD00DD325C;
			productRefGroup = 49DF13D22A67C1AD00DD325C /* Products */;
			projectDirPath = "";
			projectRoot = "";
			targets = (
				49DF13D02A67C1AD00DD325C /* MRT Augmented Sign */,
			);
		};
/* End PBXProject section */

/* Begin PBXResourcesBuildPhase section */
		49DF13CF2A67C1AD00DD325C /* Resources */ = {
			isa = PBXResourcesBuildPhase;
			buildActionMask = 2147483647;
			files = (
				49DF14562A6BEE8500DD325C /* MapToExit.json in Resources */,
				49DF14702A6D8C0C00DD325C /* Right.usdz in Resources */,
				49DF13DE2A67C1AE00DD325C /* Preview Assets.xcassets in Resources */,
				49DF14462A6A815400DD325C /* SceneKitAssetCatalog.scnassets in Resources */,
				49DF14722A6D926B00DD325C /* UpStairs.usdz in Resources */,
				49DF146F2A6D8C0C00DD325C /* Straight.usdz in Resources */,
				49DF14822A6E3D6200DD325C /* Cross.usdz in Resources */,
				49DF146E2A6D8C0C00DD325C /* Left.usdz in Resources */,
				49DF13DB2A67C1AE00DD325C /* Assets.xcassets in Resources */,
			);
			runOnlyForDeploymentPostprocessing = 0;
		};
/* End PBXResourcesBuildPhase section */

/* Begin PBXSourcesBuildPhase section */
		49DF13CD2A67C1AD00DD325C /* Sources */ = {
			isa = PBXSourcesBuildPhase;
			buildActionMask = 2147483647;
			files = (
				49DF14602A6C1B1B00DD325C /* ARViewControllerNest.swift in Sources */,
				49DF13D72A67C1AD00DD325C /* ContentView.swift in Sources */,
				49DF13D52A67C1AD00DD325C /* AppDelegate.swift in Sources */,
				49DF14072A6A6F0100DD325C /* ARViewController.swift in Sources */,
				49DF14642A6C334200DD325C /* NestView.swift in Sources */,
				49DF14502A6B959400DD325C /* Utilities.swift in Sources */,
				49DF14442A6A783200DD325C /* SignageMRTIstora 3.mlmodel in Sources */,
				49DF14542A6BA1F900DD325C /* MapPointer.swift in Sources */,
				49DF14622A6C26C800DD325C /* PredictionViewModel.swift in Sources */,
			);
			runOnlyForDeploymentPostprocessing = 0;
		};
/* End PBXSourcesBuildPhase section */

/* Begin XCBuildConfiguration section */
		49DF13F52A67C1AE00DD325C /* Debug */ = {
			isa = XCBuildConfiguration;
			buildSettings = {
				ALWAYS_SEARCH_USER_PATHS = NO;
				CLANG_ANALYZER_NONNULL = YES;
				CLANG_ANALYZER_NUMBER_OBJECT_CONVERSION = YES_AGGRESSIVE;
				CLANG_CXX_LANGUAGE_STANDARD = "gnu++20";
				CLANG_ENABLE_MODULES = YES;
				CLANG_ENABLE_OBJC_ARC = YES;
				CLANG_ENABLE_OBJC_WEAK = YES;
				CLANG_WARN_BLOCK_CAPTURE_AUTORELEASING = YES;
				CLANG_WARN_BOOL_CONVERSION = YES;
				CLANG_WARN_COMMA = YES;
				CLANG_WARN_CONSTANT_CONVERSION = YES;
				CLANG_WARN_DEPRECATED_OBJC_IMPLEMENTATIONS = YES;
				CLANG_WARN_DIRECT_OBJC_ISA_USAGE = YES_ERROR;
				CLANG_WARN_DOCUMENTATION_COMMENTS = YES;
				CLANG_WARN_EMPTY_BODY = YES;
				CLANG_WARN_ENUM_CONVERSION = YES;
				CLANG_WARN_INFINITE_RECURSION = YES;
				CLANG_WARN_INT_CONVERSION = YES;
				CLANG_WARN_NON_LITERAL_NULL_CONVERSION = YES;
				CLANG_WARN_OBJC_IMPLICIT_RETAIN_SELF = YES;
				CLANG_WARN_OBJC_LITERAL_CONVERSION = YES;
				CLANG_WARN_OBJC_ROOT_CLASS = YES_ERROR;
				CLANG_WARN_QUOTED_INCLUDE_IN_FRAMEWORK_HEADER = YES;
				CLANG_WARN_RANGE_LOOP_ANALYSIS = YES;
				CLANG_WARN_STRICT_PROTOTYPES = YES;
				CLANG_WARN_SUSPICIOUS_MOVE = YES;
				CLANG_WARN_UNGUARDED_AVAILABILITY = YES_AGGRESSIVE;
				CLANG_WARN_UNREACHABLE_CODE = YES;
				CLANG_WARN__DUPLICATE_METHOD_MATCH = YES;
				COPY_PHASE_STRIP = NO;
				DEBUG_INFORMATION_FORMAT = dwarf;
				ENABLE_STRICT_OBJC_MSGSEND = YES;
				ENABLE_TESTABILITY = YES;
				GCC_C_LANGUAGE_STANDARD = gnu11;
				GCC_DYNAMIC_NO_PIC = NO;
				GCC_NO_COMMON_BLOCKS = YES;
				GCC_OPTIMIZATION_LEVEL = 0;
				GCC_PREPROCESSOR_DEFINITIONS = (
					"DEBUG=1",
					"$(inherited)",
				);
				GCC_WARN_64_TO_32_BIT_CONVERSION = YES;
				GCC_WARN_ABOUT_RETURN_TYPE = YES_ERROR;
				GCC_WARN_UNDECLARED_SELECTOR = YES;
				GCC_WARN_UNINITIALIZED_AUTOS = YES_AGGRESSIVE;
				GCC_WARN_UNUSED_FUNCTION = YES;
				GCC_WARN_UNUSED_VARIABLE = YES;
				IPHONEOS_DEPLOYMENT_TARGET = 16.4;
				MTL_ENABLE_DEBUG_INFO = INCLUDE_SOURCE;
				MTL_FAST_MATH = YES;
				ONLY_ACTIVE_ARCH = YES;
				SDKROOT = iphoneos;
				SWIFT_ACTIVE_COMPILATION_CONDITIONS = DEBUG;
				SWIFT_OPTIMIZATION_LEVEL = "-Onone";
			};
			name = Debug;
		};
		49DF13F62A67C1AE00DD325C /* Release */ = {
			isa = XCBuildConfiguration;
			buildSettings = {
				ALWAYS_SEARCH_USER_PATHS = NO;
				CLANG_ANALYZER_NONNULL = YES;
				CLANG_ANALYZER_NUMBER_OBJECT_CONVERSION = YES_AGGRESSIVE;
				CLANG_CXX_LANGUAGE_STANDARD = "gnu++20";
				CLANG_ENABLE_MODULES = YES;
				CLANG_ENABLE_OBJC_ARC = YES;
				CLANG_ENABLE_OBJC_WEAK = YES;
				CLANG_WARN_BLOCK_CAPTURE_AUTORELEASING = YES;
				CLANG_WARN_BOOL_CONVERSION = YES;
				CLANG_WARN_COMMA = YES;
				CLANG_WARN_CONSTANT_CONVERSION = YES;
				CLANG_WARN_DEPRECATED_OBJC_IMPLEMENTATIONS = YES;
				CLANG_WARN_DIRECT_OBJC_ISA_USAGE = YES_ERROR;
				CLANG_WARN_DOCUMENTATION_COMMENTS = YES;
				CLANG_WARN_EMPTY_BODY = YES;
				CLANG_WARN_ENUM_CONVERSION = YES;
				CLANG_WARN_INFINITE_RECURSION = YES;
				CLANG_WARN_INT_CONVERSION = YES;
				CLANG_WARN_NON_LITERAL_NULL_CONVERSION = YES;
				CLANG_WARN_OBJC_IMPLICIT_RETAIN_SELF = YES;
				CLANG_WARN_OBJC_LITERAL_CONVERSION = YES;
				CLANG_WARN_OBJC_ROOT_CLASS = YES_ERROR;
				CLANG_WARN_QUOTED_INCLUDE_IN_FRAMEWORK_HEADER = YES;
				CLANG_WARN_RANGE_LOOP_ANALYSIS = YES;
				CLANG_WARN_STRICT_PROTOTYPES = YES;
				CLANG_WARN_SUSPICIOUS_MOVE = YES;
				CLANG_WARN_UNGUARDED_AVAILABILITY = YES_AGGRESSIVE;
				CLANG_WARN_UNREACHABLE_CODE = YES;
				CLANG_WARN__DUPLICATE_METHOD_MATCH = YES;
				COPY_PHASE_STRIP = NO;
				DEBUG_INFORMATION_FORMAT = "dwarf-with-dsym";
				ENABLE_NS_ASSERTIONS = NO;
				ENABLE_STRICT_OBJC_MSGSEND = YES;
				GCC_C_LANGUAGE_STANDARD = gnu11;
				GCC_NO_COMMON_BLOCKS = YES;
				GCC_WARN_64_TO_32_BIT_CONVERSION = YES;
				GCC_WARN_ABOUT_RETURN_TYPE = YES_ERROR;
				GCC_WARN_UNDECLARED_SELECTOR = YES;
				GCC_WARN_UNINITIALIZED_AUTOS = YES_AGGRESSIVE;
				GCC_WARN_UNUSED_FUNCTION = YES;
				GCC_WARN_UNUSED_VARIABLE = YES;
				IPHONEOS_DEPLOYMENT_TARGET = 16.4;
				MTL_ENABLE_DEBUG_INFO = NO;
				MTL_FAST_MATH = YES;
				SDKROOT = iphoneos;
				SWIFT_COMPILATION_MODE = wholemodule;
				SWIFT_OPTIMIZATION_LEVEL = "-O";
				VALIDATE_PRODUCT = YES;
			};
			name = Release;
		};
		49DF13F82A67C1AE00DD325C /* Debug */ = {
			isa = XCBuildConfiguration;
			buildSettings = {
				ASSETCATALOG_COMPILER_APPICON_NAME = AppIcon;
				ASSETCATALOG_COMPILER_GLOBAL_ACCENT_COLOR_NAME = AccentColor;
				CODE_SIGN_STYLE = Automatic;
				CURRENT_PROJECT_VERSION = 1;
				DEVELOPMENT_ASSET_PATHS = "\"MRT Augmented Sign/Preview Content\"";
				DEVELOPMENT_TEAM = C5V5PAM88P;
				ENABLE_PREVIEWS = YES;
				GENERATE_INFOPLIST_FILE = YES;
				INFOPLIST_KEY_NSCameraUsageDescription = "";
				INFOPLIST_KEY_UIApplicationSupportsIndirectInputEvents = YES;
				INFOPLIST_KEY_UILaunchScreen_Generation = YES;
				INFOPLIST_KEY_UIRequiredDeviceCapabilities = arkit;
				INFOPLIST_KEY_UIStatusBarHidden = YES;
				INFOPLIST_KEY_UISupportedInterfaceOrientations_iPad = "UIInterfaceOrientationPortrait UIInterfaceOrientationPortraitUpsideDown UIInterfaceOrientationLandscapeLeft UIInterfaceOrientationLandscapeRight";
				INFOPLIST_KEY_UISupportedInterfaceOrientations_iPhone = "UIInterfaceOrientationPortrait UIInterfaceOrientationLandscapeLeft UIInterfaceOrientationLandscapeRight";
				IPHONEOS_DEPLOYMENT_TARGET = 16.4;
				LD_RUNPATH_SEARCH_PATHS = (
					"$(inherited)",
					"@executable_path/Frameworks",
				);
				MARKETING_VERSION = 1.0;
				PRODUCT_BUNDLE_IDENTIFIER = "com.ada6.MRT-Augmented-Sign";
				PRODUCT_NAME = "$(TARGET_NAME)";
				SWIFT_EMIT_LOC_STRINGS = YES;
				SWIFT_VERSION = 5.0;
				TARGETED_DEVICE_FAMILY = "1,2";
			};
			name = Debug;
		};
		49DF13F92A67C1AE00DD325C /* Release */ = {
			isa = XCBuildConfiguration;
			buildSettings = {
				ASSETCATALOG_COMPILER_APPICON_NAME = AppIcon;
				ASSETCATALOG_COMPILER_GLOBAL_ACCENT_COLOR_NAME = AccentColor;
				CODE_SIGN_STYLE = Automatic;
				CURRENT_PROJECT_VERSION = 1;
				DEVELOPMENT_ASSET_PATHS = "\"MRT Augmented Sign/Preview Content\"";
				DEVELOPMENT_TEAM = C5V5PAM88P;
				ENABLE_PREVIEWS = YES;
				GENERATE_INFOPLIST_FILE = YES;
				INFOPLIST_KEY_NSCameraUsageDescription = "";
				INFOPLIST_KEY_UIApplicationSupportsIndirectInputEvents = YES;
				INFOPLIST_KEY_UILaunchScreen_Generation = YES;
				INFOPLIST_KEY_UIRequiredDeviceCapabilities = arkit;
				INFOPLIST_KEY_UIStatusBarHidden = YES;
				INFOPLIST_KEY_UISupportedInterfaceOrientations_iPad = "UIInterfaceOrientationPortrait UIInterfaceOrientationPortraitUpsideDown UIInterfaceOrientationLandscapeLeft UIInterfaceOrientationLandscapeRight";
				INFOPLIST_KEY_UISupportedInterfaceOrientations_iPhone = "UIInterfaceOrientationPortrait UIInterfaceOrientationLandscapeLeft UIInterfaceOrientationLandscapeRight";
				IPHONEOS_DEPLOYMENT_TARGET = 16.4;
				LD_RUNPATH_SEARCH_PATHS = (
					"$(inherited)",
					"@executable_path/Frameworks",
				);
				MARKETING_VERSION = 1.0;
				PRODUCT_BUNDLE_IDENTIFIER = "com.ada6.MRT-Augmented-Sign";
				PRODUCT_NAME = "$(TARGET_NAME)";
				SWIFT_EMIT_LOC_STRINGS = YES;
				SWIFT_VERSION = 5.0;
				TARGETED_DEVICE_FAMILY = "1,2";
			};
			name = Release;
		};
/* End XCBuildConfiguration section */

/* Begin XCConfigurationList section */
		49DF13CC2A67C1AD00DD325C /* Build configuration list for PBXProject "MRT Augmented Sign" */ = {
			isa = XCConfigurationList;
			buildConfigurations = (
				49DF13F52A67C1AE00DD325C /* Debug */,
				49DF13F62A67C1AE00DD325C /* Release */,
			);
			defaultConfigurationIsVisible = 0;
			defaultConfigurationName = Release;
		};
		49DF13F72A67C1AE00DD325C /* Build configuration list for PBXNativeTarget "MRT Augmented Sign" */ = {
			isa = XCConfigurationList;
			buildConfigurations = (
				49DF13F82A67C1AE00DD325C /* Debug */,
				49DF13F92A67C1AE00DD325C /* Release */,
			);
			defaultConfigurationIsVisible = 0;
			defaultConfigurationName = Release;
		};
/* End XCConfigurationList section */
	};
	rootObject = 49DF13C92A67C1AD00DD325C /* Project object */;
}
